
Microsoft Visual Studio Solution File, Format Version 12.00
# Visual Studio Version 17
VisualStudioVersion = 17.9.34616.47
MinimumVisualStudioVersion = 10.0.40219.1
Project("{FAE04EC0-301F-11D3-BF4B-00C04F79EFBC}") = "LibraryWebApp", "LibraryWebApp\LibraryWebApp.csproj", "{EF07D09F-08BF-4236-9D44-D450EB0225A9}"
EndProject
Global
	GlobalSection(SolutionConfigurationPlatforms) = preSolution
		Debug|Any CPU = Debug|Any CPU
		Release|Any CPU = Release|Any CPU
	EndGlobalSection
	GlobalSection(ProjectConfigurationPlatforms) = postSolution
		{EF07D09F-08BF-4236-9D44-D450EB0225A9}.Debug|Any CPU.ActiveCfg = Debug|Any CPU
		{EF07D09F-08BF-4236-9D44-D450EB0225A9}.Debug|Any CPU.Build.0 = Debug|Any CPU
		{EF07D09F-08BF-4236-9D44-D450EB0225A9}.Release|Any CPU.ActiveCfg = Release|Any CPU
		{EF07D09F-08BF-4236-9D44-D450EB0225A9}.Release|Any CPU.Build.0 = Release|Any CPU
	EndGlobalSection
	GlobalSection(SolutionProperties) = preSolution
		HideSolutionNode = FALSE
	EndGlobalSection
	GlobalSection(ExtensibilityGlobals) = postSolution
		SolutionGuid = {269F42E2-8740-4953-A8A7-227B0946A9A9}
	EndGlobalSection
EndGlobal
